
Microsoft Visual Studio Solution File, Format Version 12.00
# Visual Studio 15
VisualStudioVersion = 15.0.28307.779
MinimumVisualStudioVersion = 10.0.40219.1
Project("{FAE04EC0-301F-11D3-BF4B-00C04F79EFBC}") = "QueryVMActivityLog", "QueryVMActivityLog\QueryVMActivityLog.csproj", "{2C78E9FC-F35E-462F-A515-A85B80B7658F}"
EndProject
Project("{FAE04EC0-301F-11D3-BF4B-00C04F79EFBC}") = "QueryVMActivityLogREST", "QueryVMActivityLogREST\QueryVMActivityLogREST.csproj", "{DA6A384F-73B6-4B09-AFCC-3B5AF5CBA3A8}"
EndProject
Project("{FAE04EC0-301F-11D3-BF4B-00C04F79EFBC}") = "QueryResourceGraphREST", "QueryResourceGraphREST\QueryResourceGraphREST.csproj", "{A65F9A89-E375-4D94-92F8-C4B84165DA57}"
EndProject
Global
	GlobalSection(SolutionConfigurationPlatforms) = preSolution
		Debug|Any CPU = Debug|Any CPU
		Release|Any CPU = Release|Any CPU
	EndGlobalSection
	GlobalSection(ProjectConfigurationPlatforms) = postSolution
		{2C78E9FC-F35E-462F-A515-A85B80B7658F}.Debug|Any CPU.ActiveCfg = Debug|Any CPU
		{2C78E9FC-F35E-462F-A515-A85B80B7658F}.Debug|Any CPU.Build.0 = Debug|Any CPU
		{2C78E9FC-F35E-462F-A515-A85B80B7658F}.Release|Any CPU.ActiveCfg = Release|Any CPU
		{2C78E9FC-F35E-462F-A515-A85B80B7658F}.Release|Any CPU.Build.0 = Release|Any CPU
		{DA6A384F-73B6-4B09-AFCC-3B5AF5CBA3A8}.Debug|Any CPU.ActiveCfg = Debug|Any CPU
		{DA6A384F-73B6-4B09-AFCC-3B5AF5CBA3A8}.Debug|Any CPU.Build.0 = Debug|Any CPU
		{DA6A384F-73B6-4B09-AFCC-3B5AF5CBA3A8}.Release|Any CPU.ActiveCfg = Release|Any CPU
		{DA6A384F-73B6-4B09-AFCC-3B5AF5CBA3A8}.Release|Any CPU.Build.0 = Release|Any CPU
		{A65F9A89-E375-4D94-92F8-C4B84165DA57}.Debug|Any CPU.ActiveCfg = Debug|Any CPU
		{A65F9A89-E375-4D94-92F8-C4B84165DA57}.Debug|Any CPU.Build.0 = Debug|Any CPU
		{A65F9A89-E375-4D94-92F8-C4B84165DA57}.Release|Any CPU.ActiveCfg = Release|Any CPU
		{A65F9A89-E375-4D94-92F8-C4B84165DA57}.Release|Any CPU.Build.0 = Release|Any CPU
	EndGlobalSection
	GlobalSection(SolutionProperties) = preSolution
		HideSolutionNode = FALSE
	EndGlobalSection
	GlobalSection(ExtensibilityGlobals) = postSolution
		SolutionGuid = {F6CADB9A-1E9F-4DF0-B3E0-7F4745DB82BC}
	EndGlobalSection
EndGlobal
